{
    "_meta": {
        "hash": {
            "sha256": "6df437c1ca30c1464abf14e34243bb99fc5a2767484913d316c0aec1eafdbf7c"
        },
        "pipfile-spec": 6,
        "requires": {
            "python_version": "3.9.1"
        },
        "sources": [
            {
                "url": "https://pypi.python.org/simple",
                "verify_ssl": true
            }
        ]
    },
    "default": {},
    "develop": {}
}
