{
	"_meta": {
        "hash": {
            "sha256": "8d14434df45e0ef884d6c3f6e8048ba72335637a8631cc44792f52fd20b6f97a"
        },
        "host-environment-markers": {
            "implementation_version": "3.9.1",
            "python_full_version": "3.9.1",
            "python_version": "3.9"
        },
        "pipfile-spec": 5,
        "requires": {},
        "sources": [
            {
                "name": "pypi",
                "url": "https://pypi.python.org/simple",
                "verify_ssl": true
            }
        ]
    }
}